
Microsoft Visual Studio Solution File, Format Version 12.00
# Visual Studio Version 16
VisualStudioVersion = 16.0.809.5
MinimumVisualStudioVersion = 10.0.40219.1
Project("{FAE04EC0-301F-11D3-BF4B-00C04F79EFBC}") = "WebResume", "WebResume.csproj", "{E60CE0EF-7975-47CF-A4C7-BC8FB2814899}"
EndProject
Global
	GlobalSection(SolutionConfigurationPlatforms) = preSolution
		Debug|Any CPU = Debug|Any CPU
		Release|Any CPU = Release|Any CPU
	EndGlobalSection
	GlobalSection(ProjectConfigurationPlatforms) = postSolution
		{E60CE0EF-7975-47CF-A4C7-BC8FB2814899}.Debug|Any CPU.ActiveCfg = Debug|Any CPU
		{E60CE0EF-7975-47CF-A4C7-BC8FB2814899}.Debug|Any CPU.Build.0 = Debug|Any CPU
		{E60CE0EF-7975-47CF-A4C7-BC8FB2814899}.Release|Any CPU.ActiveCfg = Release|Any CPU
		{E60CE0EF-7975-47CF-A4C7-BC8FB2814899}.Release|Any CPU.Build.0 = Release|Any CPU
	EndGlobalSection
	GlobalSection(SolutionProperties) = preSolution
		HideSolutionNode = FALSE
	EndGlobalSection
	GlobalSection(ExtensibilityGlobals) = postSolution
		SolutionGuid = {97E509B3-4BA2-4800-94EA-C3340DC22E3E}
	EndGlobalSection
EndGlobal
